
Microsoft Visual Studio Solution File, Format Version 12.00
# Visual Studio Version 17
VisualStudioVersion = 17.4.33213.308
MinimumVisualStudioVersion = 10.0.40219.1
Project("{FAE04EC0-301F-11D3-BF4B-00C04F79EFBC}") = "Practicse", "Practicse\Practicse.csproj", "{BEBD4E51-FE51-41EF-BAA4-85A1CD309EF3}"
EndProject
Global
	GlobalSection(SolutionConfigurationPlatforms) = preSolution
		Debug|Any CPU = Debug|Any CPU
		Release|Any CPU = Release|Any CPU
	EndGlobalSection
	GlobalSection(ProjectConfigurationPlatforms) = postSolution
		{BEBD4E51-FE51-41EF-BAA4-85A1CD309EF3}.Debug|Any CPU.ActiveCfg = Debug|Any CPU
		{BEBD4E51-FE51-41EF-BAA4-85A1CD309EF3}.Debug|Any CPU.Build.0 = Debug|Any CPU
		{BEBD4E51-FE51-41EF-BAA4-85A1CD309EF3}.Release|Any CPU.ActiveCfg = Release|Any CPU
		{BEBD4E51-FE51-41EF-BAA4-85A1CD309EF3}.Release|Any CPU.Build.0 = Release|Any CPU
	EndGlobalSection
	GlobalSection(SolutionProperties) = preSolution
		HideSolutionNode = FALSE
	EndGlobalSection
	GlobalSection(ExtensibilityGlobals) = postSolution
		SolutionGuid = {363F3B40-EACE-41A8-8652-B539264B905E}
	EndGlobalSection
EndGlobal
